
Microsoft Visual Studio Solution File, Format Version 12.00
# Visual Studio Version 16
VisualStudioVersion = 16.0.31112.23
MinimumVisualStudioVersion = 10.0.40219.1
Project("{9A19103F-16F7-4668-BE54-9A1E7A4F7556}") = "Commerce.API", "Commerce.API.csproj", "{1BB09DB2-367F-4F21-918B-8B24914DBFCF}"
EndProject
Project("{2150E333-8FDC-42A3-9474-1A3956D46DE8}") = "6. Domain", "6. Domain", "{7E47B2AD-1012-4E37-A400-5642E337D7AB}"
EndProject
Project("{2150E333-8FDC-42A3-9474-1A3956D46DE8}") = "5.1 Data", "5.1 Data", "{52E252BD-1AEB-460F-ABE4-89A8CAE24541}"
EndProject
Project("{9A19103F-16F7-4668-BE54-9A1E7A4F7556}") = "Commerce.Domain", "..\Commerce.Domain\Commerce.Domain.csproj", "{00E85ACA-89DF-49E1-9EBB-54411009D50F}"
EndProject
Project("{9A19103F-16F7-4668-BE54-9A1E7A4F7556}") = "Commerce.Data", "..\Commerce.Data\Commerce.Data.csproj", "{86D34B54-D65F-4EF7-9866-FE0EA03789F3}"
EndProject
Project("{2150E333-8FDC-42A3-9474-1A3956D46DE8}") = "4. Repository", "4. Repository", "{A67829EF-E52B-4813-B6FD-8421A26EB833}"
EndProject
Project("{2150E333-8FDC-42A3-9474-1A3956D46DE8}") = "5. Infra", "5. Infra", "{884ED232-42C0-4D82-80AC-95FAEFA95690}"
EndProject
Project("{2150E333-8FDC-42A3-9474-1A3956D46DE8}") = "5.2 CrossCutting", "5.2 CrossCutting", "{384415E0-EEF3-47D8-8474-8528675BB4A8}"
EndProject
Project("{9A19103F-16F7-4668-BE54-9A1E7A4F7556}") = "Commerce.Repository", "..\Commerce.Repository\Commerce.Repository.csproj", "{20B18EFE-7C4A-4498-A135-D44F80C6817C}"
EndProject
Project("{9A19103F-16F7-4668-BE54-9A1E7A4F7556}") = "Commerce.Repository.Core", "..\Commerce.Repository.Core\Commerce.Repository.Core.csproj", "{AD6F0BD6-E710-4B3B-9283-220206BC356A}"
EndProject
Project("{2150E333-8FDC-42A3-9474-1A3956D46DE8}") = "3. BLL", "3. BLL", "{36DA6BAB-0B8D-4F43-BD28-373D9596A1CA}"
EndProject
Project("{9A19103F-16F7-4668-BE54-9A1E7A4F7556}") = "Commerce.BLL", "..\Commerce.Service\Commerce.BLL.csproj", "{E32DAE1C-87CF-4A11-998C-E15889DCE195}"
EndProject
Project("{9A19103F-16F7-4668-BE54-9A1E7A4F7556}") = "Commerce.BLL.Core", "..\Commerce.Service.Core\Commerce.BLL.Core.csproj", "{671A0115-D5B3-4B56-A868-4197D5C271A3}"
EndProject
Project("{9A19103F-16F7-4668-BE54-9A1E7A4F7556}") = "Commerce.Application", "..\Commerce.Application\Commerce.Application.csproj", "{797B75A4-8A95-4251-8810-0FD1B8C71101}"
EndProject
Project("{2150E333-8FDC-42A3-9474-1A3956D46DE8}") = "2. App", "2. App", "{D7314597-E0FC-49B1-8B95-35BDC3B667AA}"
EndProject
Project("{9A19103F-16F7-4668-BE54-9A1E7A4F7556}") = "Commerce.Application.Core", "..\Commerce.Application.Core\Commerce.Application.Core.csproj", "{6A5F8795-E9BE-4C1B-B7B8-DB9F574D04FE}"
EndProject
Project("{9A19103F-16F7-4668-BE54-9A1E7A4F7556}") = "Commerce.IoC", "..\Commerce.IoC\Commerce.IoC.csproj", "{41B550A1-99B9-4F13-BE85-AFD754942F08}"
EndProject
Project("{9A19103F-16F7-4668-BE54-9A1E7A4F7556}") = "Commerce.Data.Core", "..\Commerce.Data.Core\Commerce.Data.Core.csproj", "{625AE802-98D5-4E9F-B26A-62E02EF503BE}"
EndProject
Project("{2150E333-8FDC-42A3-9474-1A3956D46DE8}") = "1. API", "1. API", "{9FD10A29-6C22-4636-9DE8-D1DAAC1D5BCF}"
EndProject
Project("{9A19103F-16F7-4668-BE54-9A1E7A4F7556}") = "Commerce.CrossCutting", "..\Commerce.CrossCutting\Commerce.CrossCutting.csproj", "{86F6CD24-AAB5-4D90-A493-99BEF4E39A2C}"
EndProject
Project("{FAE04EC0-301F-11D3-BF4B-00C04F79EFBC}") = "Commerce.CrossCutting.Core", "..\Commerce.CrossCutting.Core\Commerce.CrossCutting.Core.csproj", "{44A3236B-5493-46ED-A956-D6C20C4BAF5D}"
EndProject
Global
	GlobalSection(SolutionConfigurationPlatforms) = preSolution
		Debug|Any CPU = Debug|Any CPU
		Release|Any CPU = Release|Any CPU
	EndGlobalSection
	GlobalSection(ProjectConfigurationPlatforms) = postSolution
		{1BB09DB2-367F-4F21-918B-8B24914DBFCF}.Debug|Any CPU.ActiveCfg = Debug|Any CPU
		{1BB09DB2-367F-4F21-918B-8B24914DBFCF}.Debug|Any CPU.Build.0 = Debug|Any CPU
		{1BB09DB2-367F-4F21-918B-8B24914DBFCF}.Release|Any CPU.ActiveCfg = Release|Any CPU
		{1BB09DB2-367F-4F21-918B-8B24914DBFCF}.Release|Any CPU.Build.0 = Release|Any CPU
		{00E85ACA-89DF-49E1-9EBB-54411009D50F}.Debug|Any CPU.ActiveCfg = Debug|Any CPU
		{00E85ACA-89DF-49E1-9EBB-54411009D50F}.Debug|Any CPU.Build.0 = Debug|Any CPU
		{00E85ACA-89DF-49E1-9EBB-54411009D50F}.Release|Any CPU.ActiveCfg = Release|Any CPU
		{00E85ACA-89DF-49E1-9EBB-54411009D50F}.Release|Any CPU.Build.0 = Release|Any CPU
		{86D34B54-D65F-4EF7-9866-FE0EA03789F3}.Debug|Any CPU.ActiveCfg = Debug|Any CPU
		{86D34B54-D65F-4EF7-9866-FE0EA03789F3}.Debug|Any CPU.Build.0 = Debug|Any CPU
		{86D34B54-D65F-4EF7-9866-FE0EA03789F3}.Release|Any CPU.ActiveCfg = Release|Any CPU
		{86D34B54-D65F-4EF7-9866-FE0EA03789F3}.Release|Any CPU.Build.0 = Release|Any CPU
		{20B18EFE-7C4A-4498-A135-D44F80C6817C}.Debug|Any CPU.ActiveCfg = Debug|Any CPU
		{20B18EFE-7C4A-4498-A135-D44F80C6817C}.Debug|Any CPU.Build.0 = Debug|Any CPU
		{20B18EFE-7C4A-4498-A135-D44F80C6817C}.Release|Any CPU.ActiveCfg = Release|Any CPU
		{20B18EFE-7C4A-4498-A135-D44F80C6817C}.Release|Any CPU.Build.0 = Release|Any CPU
		{AD6F0BD6-E710-4B3B-9283-220206BC356A}.Debug|Any CPU.ActiveCfg = Debug|Any CPU
		{AD6F0BD6-E710-4B3B-9283-220206BC356A}.Debug|Any CPU.Build.0 = Debug|Any CPU
		{AD6F0BD6-E710-4B3B-9283-220206BC356A}.Release|Any CPU.ActiveCfg = Release|Any CPU
		{AD6F0BD6-E710-4B3B-9283-220206BC356A}.Release|Any CPU.Build.0 = Release|Any CPU
		{E32DAE1C-87CF-4A11-998C-E15889DCE195}.Debug|Any CPU.ActiveCfg = Debug|Any CPU
		{E32DAE1C-87CF-4A11-998C-E15889DCE195}.Debug|Any CPU.Build.0 = Debug|Any CPU
		{E32DAE1C-87CF-4A11-998C-E15889DCE195}.Release|Any CPU.ActiveCfg = Release|Any CPU
		{E32DAE1C-87CF-4A11-998C-E15889DCE195}.Release|Any CPU.Build.0 = Release|Any CPU
		{671A0115-D5B3-4B56-A868-4197D5C271A3}.Debug|Any CPU.ActiveCfg = Debug|Any CPU
		{671A0115-D5B3-4B56-A868-4197D5C271A3}.Debug|Any CPU.Build.0 = Debug|Any CPU
		{671A0115-D5B3-4B56-A868-4197D5C271A3}.Release|Any CPU.ActiveCfg = Release|Any CPU
		{671A0115-D5B3-4B56-A868-4197D5C271A3}.Release|Any CPU.Build.0 = Release|Any CPU
		{797B75A4-8A95-4251-8810-0FD1B8C71101}.Debug|Any CPU.ActiveCfg = Debug|Any CPU
		{797B75A4-8A95-4251-8810-0FD1B8C71101}.Debug|Any CPU.Build.0 = Debug|Any CPU
		{797B75A4-8A95-4251-8810-0FD1B8C71101}.Release|Any CPU.ActiveCfg = Release|Any CPU
		{797B75A4-8A95-4251-8810-0FD1B8C71101}.Release|Any CPU.Build.0 = Release|Any CPU
		{6A5F8795-E9BE-4C1B-B7B8-DB9F574D04FE}.Debug|Any CPU.ActiveCfg = Debug|Any CPU
		{6A5F8795-E9BE-4C1B-B7B8-DB9F574D04FE}.Debug|Any CPU.Build.0 = Debug|Any CPU
		{6A5F8795-E9BE-4C1B-B7B8-DB9F574D04FE}.Release|Any CPU.ActiveCfg = Release|Any CPU
		{6A5F8795-E9BE-4C1B-B7B8-DB9F574D04FE}.Release|Any CPU.Build.0 = Release|Any CPU
		{41B550A1-99B9-4F13-BE85-AFD754942F08}.Debug|Any CPU.ActiveCfg = Debug|Any CPU
		{41B550A1-99B9-4F13-BE85-AFD754942F08}.Debug|Any CPU.Build.0 = Debug|Any CPU
		{41B550A1-99B9-4F13-BE85-AFD754942F08}.Release|Any CPU.ActiveCfg = Release|Any CPU
		{41B550A1-99B9-4F13-BE85-AFD754942F08}.Release|Any CPU.Build.0 = Release|Any CPU
		{625AE802-98D5-4E9F-B26A-62E02EF503BE}.Debug|Any CPU.ActiveCfg = Debug|Any CPU
		{625AE802-98D5-4E9F-B26A-62E02EF503BE}.Debug|Any CPU.Build.0 = Debug|Any CPU
		{625AE802-98D5-4E9F-B26A-62E02EF503BE}.Release|Any CPU.ActiveCfg = Release|Any CPU
		{625AE802-98D5-4E9F-B26A-62E02EF503BE}.Release|Any CPU.Build.0 = Release|Any CPU
		{86F6CD24-AAB5-4D90-A493-99BEF4E39A2C}.Debug|Any CPU.ActiveCfg = Debug|Any CPU
		{86F6CD24-AAB5-4D90-A493-99BEF4E39A2C}.Debug|Any CPU.Build.0 = Debug|Any CPU
		{86F6CD24-AAB5-4D90-A493-99BEF4E39A2C}.Release|Any CPU.ActiveCfg = Release|Any CPU
		{86F6CD24-AAB5-4D90-A493-99BEF4E39A2C}.Release|Any CPU.Build.0 = Release|Any CPU
		{44A3236B-5493-46ED-A956-D6C20C4BAF5D}.Debug|Any CPU.ActiveCfg = Debug|Any CPU
		{44A3236B-5493-46ED-A956-D6C20C4BAF5D}.Debug|Any CPU.Build.0 = Debug|Any CPU
		{44A3236B-5493-46ED-A956-D6C20C4BAF5D}.Release|Any CPU.ActiveCfg = Release|Any CPU
		{44A3236B-5493-46ED-A956-D6C20C4BAF5D}.Release|Any CPU.Build.0 = Release|Any CPU
	EndGlobalSection
	GlobalSection(SolutionProperties) = preSolution
		HideSolutionNode = FALSE
	EndGlobalSection
	GlobalSection(NestedProjects) = preSolution
		{1BB09DB2-367F-4F21-918B-8B24914DBFCF} = {9FD10A29-6C22-4636-9DE8-D1DAAC1D5BCF}
		{52E252BD-1AEB-460F-ABE4-89A8CAE24541} = {884ED232-42C0-4D82-80AC-95FAEFA95690}
		{00E85ACA-89DF-49E1-9EBB-54411009D50F} = {7E47B2AD-1012-4E37-A400-5642E337D7AB}
		{86D34B54-D65F-4EF7-9866-FE0EA03789F3} = {52E252BD-1AEB-460F-ABE4-89A8CAE24541}
		{384415E0-EEF3-47D8-8474-8528675BB4A8} = {884ED232-42C0-4D82-80AC-95FAEFA95690}
		{20B18EFE-7C4A-4498-A135-D44F80C6817C} = {A67829EF-E52B-4813-B6FD-8421A26EB833}
		{AD6F0BD6-E710-4B3B-9283-220206BC356A} = {A67829EF-E52B-4813-B6FD-8421A26EB833}
		{E32DAE1C-87CF-4A11-998C-E15889DCE195} = {36DA6BAB-0B8D-4F43-BD28-373D9596A1CA}
		{671A0115-D5B3-4B56-A868-4197D5C271A3} = {36DA6BAB-0B8D-4F43-BD28-373D9596A1CA}
		{797B75A4-8A95-4251-8810-0FD1B8C71101} = {D7314597-E0FC-49B1-8B95-35BDC3B667AA}
		{6A5F8795-E9BE-4C1B-B7B8-DB9F574D04FE} = {D7314597-E0FC-49B1-8B95-35BDC3B667AA}
		{41B550A1-99B9-4F13-BE85-AFD754942F08} = {384415E0-EEF3-47D8-8474-8528675BB4A8}
		{625AE802-98D5-4E9F-B26A-62E02EF503BE} = {52E252BD-1AEB-460F-ABE4-89A8CAE24541}
		{86F6CD24-AAB5-4D90-A493-99BEF4E39A2C} = {384415E0-EEF3-47D8-8474-8528675BB4A8}
		{44A3236B-5493-46ED-A956-D6C20C4BAF5D} = {384415E0-EEF3-47D8-8474-8528675BB4A8}
	EndGlobalSection
	GlobalSection(ExtensibilityGlobals) = postSolution
		SolutionGuid = {867B89AF-2113-4BA6-BC75-AC8B589D373B}
	EndGlobalSection
EndGlobal
